
Microsoft Visual Studio Solution File, Format Version 12.00
# Visual Studio Version 16
VisualStudioVersion = 16.0.30503.244
MinimumVisualStudioVersion = 10.0.40219.1
Project("{FAE04EC0-301F-11D3-BF4B-00C04F79EFBC}") = "Laba7_exceptions", "Laba7_exceptions\Laba7_exceptions.csproj", "{6378BD9F-0286-4A3D-9680-67C12265A4EB}"
EndProject
Global
	GlobalSection(SolutionConfigurationPlatforms) = preSolution
		Debug|Any CPU = Debug|Any CPU
		Release|Any CPU = Release|Any CPU
	EndGlobalSection
	GlobalSection(ProjectConfigurationPlatforms) = postSolution
		{6378BD9F-0286-4A3D-9680-67C12265A4EB}.Debug|Any CPU.ActiveCfg = Debug|Any CPU
		{6378BD9F-0286-4A3D-9680-67C12265A4EB}.Debug|Any CPU.Build.0 = Debug|Any CPU
		{6378BD9F-0286-4A3D-9680-67C12265A4EB}.Release|Any CPU.ActiveCfg = Release|Any CPU
		{6378BD9F-0286-4A3D-9680-67C12265A4EB}.Release|Any CPU.Build.0 = Release|Any CPU
	EndGlobalSection
	GlobalSection(SolutionProperties) = preSolution
		HideSolutionNode = FALSE
	EndGlobalSection
	GlobalSection(ExtensibilityGlobals) = postSolution
		SolutionGuid = {68000B1A-52A0-4AB8-804F-AFF43941BB7A}
	EndGlobalSection
EndGlobal
